
Microsoft Visual Studio Solution File, Format Version 12.00
# Visual Studio Version 16
VisualStudioVersion = 16.0.33214.272
MinimumVisualStudioVersion = 10.0.40219.1
Project("{8BC9CEB8-8B4A-11D0-8D11-00A0C91BC942}") = "Lab6Zachet1", "Lab6Zachet1\Lab6Zachet1.vcxproj", "{B1A4DEA1-2E67-4F4B-A05B-100965B018EA}"
EndProject
Global
	GlobalSection(SolutionConfigurationPlatforms) = preSolution
		Debug|x64 = Debug|x64
		Debug|x86 = Debug|x86
		Release|x64 = Release|x64
		Release|x86 = Release|x86
	EndGlobalSection
	GlobalSection(ProjectConfigurationPlatforms) = postSolution
		{B1A4DEA1-2E67-4F4B-A05B-100965B018EA}.Debug|x64.ActiveCfg = Debug|x64
		{B1A4DEA1-2E67-4F4B-A05B-100965B018EA}.Debug|x64.Build.0 = Debug|x64
		{B1A4DEA1-2E67-4F4B-A05B-100965B018EA}.Debug|x86.ActiveCfg = Debug|Win32
		{B1A4DEA1-2E67-4F4B-A05B-100965B018EA}.Debug|x86.Build.0 = Debug|Win32
		{B1A4DEA1-2E67-4F4B-A05B-100965B018EA}.Release|x64.ActiveCfg = Release|x64
		{B1A4DEA1-2E67-4F4B-A05B-100965B018EA}.Release|x64.Build.0 = Release|x64
		{B1A4DEA1-2E67-4F4B-A05B-100965B018EA}.Release|x86.ActiveCfg = Release|Win32
		{B1A4DEA1-2E67-4F4B-A05B-100965B018EA}.Release|x86.Build.0 = Release|Win32
	EndGlobalSection
	GlobalSection(SolutionProperties) = preSolution
		HideSolutionNode = FALSE
	EndGlobalSection
	GlobalSection(ExtensibilityGlobals) = postSolution
		SolutionGuid = {06230C84-B53A-4ADB-9316-3055E8B30972}
	EndGlobalSection
EndGlobal
