
Microsoft Visual Studio Solution File, Format Version 12.00
# Visual Studio Version 16
VisualStudioVersion = 16.0.33214.272
MinimumVisualStudioVersion = 10.0.40219.1
Project("{8BC9CEB8-8B4A-11D0-8D11-00A0C91BC942}") = "Lab2Ex1", "Lab2Ex1\Lab2Ex1.vcxproj", "{D225C8BD-CE79-491E-B773-9E0B7EC8C505}"
EndProject
Global
	GlobalSection(SolutionConfigurationPlatforms) = preSolution
		Debug|x64 = Debug|x64
		Debug|x86 = Debug|x86
		Release|x64 = Release|x64
		Release|x86 = Release|x86
	EndGlobalSection
	GlobalSection(ProjectConfigurationPlatforms) = postSolution
		{D225C8BD-CE79-491E-B773-9E0B7EC8C505}.Debug|x64.ActiveCfg = Debug|x64
		{D225C8BD-CE79-491E-B773-9E0B7EC8C505}.Debug|x64.Build.0 = Debug|x64
		{D225C8BD-CE79-491E-B773-9E0B7EC8C505}.Debug|x86.ActiveCfg = Debug|Win32
		{D225C8BD-CE79-491E-B773-9E0B7EC8C505}.Debug|x86.Build.0 = Debug|Win32
		{D225C8BD-CE79-491E-B773-9E0B7EC8C505}.Release|x64.ActiveCfg = Release|x64
		{D225C8BD-CE79-491E-B773-9E0B7EC8C505}.Release|x64.Build.0 = Release|x64
		{D225C8BD-CE79-491E-B773-9E0B7EC8C505}.Release|x86.ActiveCfg = Release|Win32
		{D225C8BD-CE79-491E-B773-9E0B7EC8C505}.Release|x86.Build.0 = Release|Win32
	EndGlobalSection
	GlobalSection(SolutionProperties) = preSolution
		HideSolutionNode = FALSE
	EndGlobalSection
	GlobalSection(ExtensibilityGlobals) = postSolution
		SolutionGuid = {F101C001-A08E-4487-ABB3-F953C30F002D}
	EndGlobalSection
EndGlobal
